
Microsoft Visual Studio Solution File, Format Version 12.00
# Visual Studio 15
VisualStudioVersion = 15.0.25123.0
MinimumVisualStudioVersion = 10.0.40219.1
Project("{FAE04EC0-301F-11D3-BF4B-00C04F79EFBC}") = "BH.WEB.API", "BH.WEB.API\BH.WEB.API.csproj", "{2BB77D11-92EC-4629-A282-671897D55621}"
EndProject
Project("{FAE04EC0-301F-11D3-BF4B-00C04F79EFBC}") = "BH.WEB.UI", "BH.WEB.UI\BH.WEB.UI.csproj", "{33890275-8B1F-47A5-BC72-25AA730DFBBB}"
EndProject
Global
	GlobalSection(SolutionConfigurationPlatforms) = preSolution
		Debug|Any CPU = Debug|Any CPU
		Release|Any CPU = Release|Any CPU
	EndGlobalSection
	GlobalSection(ProjectConfigurationPlatforms) = postSolution
		{2BB77D11-92EC-4629-A282-671897D55621}.Debug|Any CPU.ActiveCfg = Debug|Any CPU
		{2BB77D11-92EC-4629-A282-671897D55621}.Debug|Any CPU.Build.0 = Debug|Any CPU
		{2BB77D11-92EC-4629-A282-671897D55621}.Release|Any CPU.ActiveCfg = Release|Any CPU
		{2BB77D11-92EC-4629-A282-671897D55621}.Release|Any CPU.Build.0 = Release|Any CPU
		{33890275-8B1F-47A5-BC72-25AA730DFBBB}.Debug|Any CPU.ActiveCfg = Debug|Any CPU
		{33890275-8B1F-47A5-BC72-25AA730DFBBB}.Debug|Any CPU.Build.0 = Debug|Any CPU
		{33890275-8B1F-47A5-BC72-25AA730DFBBB}.Release|Any CPU.ActiveCfg = Release|Any CPU
		{33890275-8B1F-47A5-BC72-25AA730DFBBB}.Release|Any CPU.Build.0 = Release|Any CPU
	EndGlobalSection
	GlobalSection(SolutionProperties) = preSolution
		HideSolutionNode = FALSE
	EndGlobalSection
EndGlobal
